// !$*UTF8*$!
{
	archiveVersion = 1;
	classes = {
	};
	objectVersion = 50;
	objects = {

/* Begin PBXBuildFile section */
		F2738F8C21599ED200BA61FD /* AppDelegate.swift in Sources */ = {isa = PBXBuildFile; fileRef = F2738F8B21599ED200BA61FD /* AppDelegate.swift */; };
		F2738F8E21599ED200BA61FD /* CompaniesController.swift in Sources */ = {isa = PBXBuildFile; fileRef = F2738F8D21599ED200BA61FD /* CompaniesController.swift */; };
		F2738F9121599ED200BA61FD /* Main.storyboard in Resources */ = {isa = PBXBuildFile; fileRef = F2738F8F21599ED200BA61FD /* Main.storyboard */; };
		F2738F9321599ED400BA61FD /* Assets.xcassets in Resources */ = {isa = PBXBuildFile; fileRef = F2738F9221599ED400BA61FD /* Assets.xcassets */; };
		F2738F9621599ED400BA61FD /* LaunchScreen.storyboard in Resources */ = {isa = PBXBuildFile; fileRef = F2738F9421599ED400BA61FD /* LaunchScreen.storyboard */; };
		F2738FA121599ED400BA61FD /* CoreDataTests.swift in Sources */ = {isa = PBXBuildFile; fileRef = F2738FA021599ED400BA61FD /* CoreDataTests.swift */; };
		F2738FAC21599ED400BA61FD /* CoreDataUITests.swift in Sources */ = {isa = PBXBuildFile; fileRef = F2738FAB21599ED400BA61FD /* CoreDataUITests.swift */; };
		F2738FBA2159AEBF00BA61FD /* UIColor+theme.swift in Sources */ = {isa = PBXBuildFile; fileRef = F2738FB92159AEBF00BA61FD /* UIColor+theme.swift */; };
		F2738FBC2159B37B00BA61FD /* Company.swift in Sources */ = {isa = PBXBuildFile; fileRef = F2738FBB2159B37B00BA61FD /* Company.swift */; };
		F2738FBE2159B7BB00BA61FD /* CreateCompanyController.swift in Sources */ = {isa = PBXBuildFile; fileRef = F2738FBD2159B7BB00BA61FD /* CreateCompanyController.swift */; };
		F2738FE2215C28DB00BA61FD /* TrainingModel.xcdatamodeld in Sources */ = {isa = PBXBuildFile; fileRef = F2738FE0215C28DB00BA61FD /* TrainingModel.xcdatamodeld */; };
		F2738FE4215D821600BA61FD /* CoreDataManag.swift in Sources */ = {isa = PBXBuildFile; fileRef = F2738FE3215D821600BA61FD /* CoreDataManag.swift */; };
		F2738FE6215EE30400BA61FD /* CompanyCell.swift in Sources */ = {isa = PBXBuildFile; fileRef = F2738FE5215EE30400BA61FD /* CompanyCell.swift */; };
		F2738FE9215EF56400BA61FD /* CompaniesController+CreateCompany.swift in Sources */ = {isa = PBXBuildFile; fileRef = F2738FE8215EF56400BA61FD /* CompaniesController+CreateCompany.swift */; };
		F2738FEB215EF64800BA61FD /* CompaniesController+UITableView.swift in Sources */ = {isa = PBXBuildFile; fileRef = F2738FEA215EF64800BA61FD /* CompaniesController+UITableView.swift */; };
		F278CB932163F42800F1FE1A /* EmployeesController.swift in Sources */ = {isa = PBXBuildFile; fileRef = F278CB922163F42800F1FE1A /* EmployeesController.swift */; };
		F278CB962163F8F700F1FE1A /* UIViewController+Helper.swift in Sources */ = {isa = PBXBuildFile; fileRef = F278CB952163F8F700F1FE1A /* UIViewController+Helper.swift */; };
		F278CB982163FA6B00F1FE1A /* CreateEmployeeController.swift in Sources */ = {isa = PBXBuildFile; fileRef = F278CB972163FA6B00F1FE1A /* CreateEmployeeController.swift */; };
		F278CB9D2166E4AD00F1FE1A /* EmployeeType.swift in Sources */ = {isa = PBXBuildFile; fileRef = F278CB9C2166E4AD00F1FE1A /* EmployeeType.swift */; };
/* End PBXBuildFile section */

/* Begin PBXContainerItemProxy section */
		F2738F9D21599ED400BA61FD /* PBXContainerItemProxy */ = {
			isa = PBXContainerItemProxy;
			containerPortal = F2738F8021599ED200BA61FD /* Project object */;
			proxyType = 1;
			remoteGlobalIDString = F2738F8721599ED200BA61FD;
			remoteInfo = CoreData;
		};
		F2738FA821599ED400BA61FD /* PBXContainerItemProxy */ = {
			isa = PBXContainerItemProxy;
			containerPortal = F2738F8021599ED200BA61FD /* Project object */;
			proxyType = 1;
			remoteGlobalIDString = F2738F8721599ED200BA61FD;
			remoteInfo = CoreData;
		};
/* End PBXContainerItemProxy section */

/* Begin PBXFileReference section */
		F2738F8821599ED200BA61FD /* CoreDataProject.app */ = {isa = PBXFileReference; explicitFileType = wrapper.application; includeInIndex = 0; path = CoreDataProject.app; sourceTree = BUILT_PRODUCTS_DIR; };
		F2738F8B21599ED200BA61FD /* AppDelegate.swift */ = {isa = PBXFileReference; lastKnownFileType = sourcecode.swift; path = AppDelegate.swift; sourceTree = "<group>"; };
		F2738F8D21599ED200BA61FD /* CompaniesController.swift */ = {isa = PBXFileReference; lastKnownFileType = sourcecode.swift; path = CompaniesController.swift; sourceTree = "<group>"; };
		F2738F9021599ED200BA61FD /* Base */ = {isa = PBXFileReference; lastKnownFileType = file.storyboard; name = Base; path = Base.lproj/Main.storyboard; sourceTree = "<group>"; };
		F2738F9221599ED400BA61FD /* Assets.xcassets */ = {isa = PBXFileReference; lastKnownFileType = folder.assetcatalog; path = Assets.xcassets; sourceTree = "<group>"; };
		F2738F9521599ED400BA61FD /* Base */ = {isa = PBXFileReference; lastKnownFileType = file.storyboard; name = Base; path = Base.lproj/LaunchScreen.storyboard; sourceTree = "<group>"; };
		F2738F9721599ED400BA61FD /* Info.plist */ = {isa = PBXFileReference; lastKnownFileType = text.plist.xml; path = Info.plist; sourceTree = "<group>"; };
		F2738F9C21599ED400BA61FD /* CoreDataProjectTests.xctest */ = {isa = PBXFileReference; explicitFileType = wrapper.cfbundle; includeInIndex = 0; path = CoreDataProjectTests.xctest; sourceTree = BUILT_PRODUCTS_DIR; };
		F2738FA021599ED400BA61FD /* CoreDataTests.swift */ = {isa = PBXFileReference; lastKnownFileType = sourcecode.swift; path = CoreDataTests.swift; sourceTree = "<group>"; };
		F2738FA221599ED400BA61FD /* Info.plist */ = {isa = PBXFileReference; lastKnownFileType = text.plist.xml; path = Info.plist; sourceTree = "<group>"; };
		F2738FA721599ED400BA61FD /* CoreDataProjectUITests.xctest */ = {isa = PBXFileReference; explicitFileType = wrapper.cfbundle; includeInIndex = 0; path = CoreDataProjectUITests.xctest; sourceTree = BUILT_PRODUCTS_DIR; };
		F2738FAB21599ED400BA61FD /* CoreDataUITests.swift */ = {isa = PBXFileReference; lastKnownFileType = sourcecode.swift; path = CoreDataUITests.swift; sourceTree = "<group>"; };
		F2738FAD21599ED400BA61FD /* Info.plist */ = {isa = PBXFileReference; lastKnownFileType = text.plist.xml; path = Info.plist; sourceTree = "<group>"; };
		F2738FB92159AEBF00BA61FD /* UIColor+theme.swift */ = {isa = PBXFileReference; lastKnownFileType = sourcecode.swift; path = "UIColor+theme.swift"; sourceTree = "<group>"; };
		F2738FBB2159B37B00BA61FD /* Company.swift */ = {isa = PBXFileReference; lastKnownFileType = sourcecode.swift; path = Company.swift; sourceTree = "<group>"; };
		F2738FBD2159B7BB00BA61FD /* CreateCompanyController.swift */ = {isa = PBXFileReference; lastKnownFileType = sourcecode.swift; path = CreateCompanyController.swift; sourceTree = "<group>"; };
		F2738FE1215C28DB00BA61FD /* TrainingModel.xcdatamodel */ = {isa = PBXFileReference; lastKnownFileType = wrapper.xcdatamodel; path = TrainingModel.xcdatamodel; sourceTree = "<group>"; };
		F2738FE3215D821600BA61FD /* CoreDataManag.swift */ = {isa = PBXFileReference; lastKnownFileType = sourcecode.swift; path = CoreDataManag.swift; sourceTree = "<group>"; };
		F2738FE5215EE30400BA61FD /* CompanyCell.swift */ = {isa = PBXFileReference; lastKnownFileType = sourcecode.swift; path = CompanyCell.swift; sourceTree = "<group>"; };
		F2738FE8215EF56400BA61FD /* CompaniesController+CreateCompany.swift */ = {isa = PBXFileReference; lastKnownFileType = sourcecode.swift; path = "CompaniesController+CreateCompany.swift"; sourceTree = "<group>"; };
		F2738FEA215EF64800BA61FD /* CompaniesController+UITableView.swift */ = {isa = PBXFileReference; lastKnownFileType = sourcecode.swift; path = "CompaniesController+UITableView.swift"; sourceTree = "<group>"; };
		F278CB922163F42800F1FE1A /* EmployeesController.swift */ = {isa = PBXFileReference; lastKnownFileType = sourcecode.swift; path = EmployeesController.swift; sourceTree = "<group>"; };
		F278CB952163F8F700F1FE1A /* UIViewController+Helper.swift */ = {isa = PBXFileReference; lastKnownFileType = sourcecode.swift; path = "UIViewController+Helper.swift"; sourceTree = "<group>"; };
		F278CB972163FA6B00F1FE1A /* CreateEmployeeController.swift */ = {isa = PBXFileReference; lastKnownFileType = sourcecode.swift; path = CreateEmployeeController.swift; sourceTree = "<group>"; };
		F278CB9C2166E4AD00F1FE1A /* EmployeeType.swift */ = {isa = PBXFileReference; lastKnownFileType = sourcecode.swift; path = EmployeeType.swift; sourceTree = "<group>"; };
/* End PBXFileReference section */

/* Begin PBXFrameworksBuildPhase section */
		F2738F8521599ED200BA61FD /* Frameworks */ = {
			isa = PBXFrameworksBuildPhase;
			buildActionMask = 2147483647;
			files = (
			);
			runOnlyForDeploymentPostprocessing = 0;
		};
		F2738F9921599ED400BA61FD /* Frameworks */ = {
			isa = PBXFrameworksBuildPhase;
			buildActionMask = 2147483647;
			files = (
			);
			runOnlyForDeploymentPostprocessing = 0;
		};
		F2738FA421599ED400BA61FD /* Frameworks */ = {
			isa = PBXFrameworksBuildPhase;
			buildActionMask = 2147483647;
			files = (
			);
			runOnlyForDeploymentPostprocessing = 0;
		};
/* End PBXFrameworksBuildPhase section */

/* Begin PBXGroup section */
		F2738F7F21599ED200BA61FD = {
			isa = PBXGroup;
			children = (
				F2738F8A21599ED200BA61FD /* CoreDataProject */,
				F2738F9F21599ED400BA61FD /* CoreDataTests */,
				F2738FAA21599ED400BA61FD /* CoreDataUITests */,
				F2738F8921599ED200BA61FD /* Products */,
			);
			sourceTree = "<group>";
		};
		F2738F8921599ED200BA61FD /* Products */ = {
			isa = PBXGroup;
			children = (
				F2738F8821599ED200BA61FD /* CoreDataProject.app */,
				F2738F9C21599ED400BA61FD /* CoreDataProjectTests.xctest */,
				F2738FA721599ED400BA61FD /* CoreDataProjectUITests.xctest */,
			);
			name = Products;
			sourceTree = "<group>";
		};
		F2738F8A21599ED200BA61FD /* CoreDataProject */ = {
			isa = PBXGroup;
			children = (
				F278CB942163F8CA00F1FE1A /* Helper */,
				F2738FE7215EE43000BA61FD /* Companies */,
				F2738F8B21599ED200BA61FD /* AppDelegate.swift */,
				F2738F8D21599ED200BA61FD /* CompaniesController.swift */,
				F2738FBD2159B7BB00BA61FD /* CreateCompanyController.swift */,
				F2738FB92159AEBF00BA61FD /* UIColor+theme.swift */,
				F2738FE3215D821600BA61FD /* CoreDataManag.swift */,
				F2738F8F21599ED200BA61FD /* Main.storyboard */,
				F2738F9221599ED400BA61FD /* Assets.xcassets */,
				F2738F9421599ED400BA61FD /* LaunchScreen.storyboard */,
				F2738F9721599ED400BA61FD /* Info.plist */,
				F2738FE0215C28DB00BA61FD /* TrainingModel.xcdatamodeld */,
			);
			path = CoreDataProject;
			sourceTree = "<group>";
		};
		F2738F9F21599ED400BA61FD /* CoreDataTests */ = {
			isa = PBXGroup;
			children = (
				F2738FA021599ED400BA61FD /* CoreDataTests.swift */,
				F2738FA221599ED400BA61FD /* Info.plist */,
			);
			path = CoreDataTests;
			sourceTree = "<group>";
		};
		F2738FAA21599ED400BA61FD /* CoreDataUITests */ = {
			isa = PBXGroup;
			children = (
				F2738FAB21599ED400BA61FD /* CoreDataUITests.swift */,
				F2738FAD21599ED400BA61FD /* Info.plist */,
			);
			path = CoreDataUITests;
			sourceTree = "<group>";
		};
		F2738FE7215EE43000BA61FD /* Companies */ = {
			isa = PBXGroup;
			children = (
				F278CB9921643EBA00F1FE1A /* Employees */,
				F2738FE5215EE30400BA61FD /* CompanyCell.swift */,
				F2738FBB2159B37B00BA61FD /* Company.swift */,
				F2738FE8215EF56400BA61FD /* CompaniesController+CreateCompany.swift */,
				F2738FEA215EF64800BA61FD /* CompaniesController+UITableView.swift */,
			);
			path = Companies;
			sourceTree = "<group>";
		};
		F278CB942163F8CA00F1FE1A /* Helper */ = {
			isa = PBXGroup;
			children = (
				F278CB952163F8F700F1FE1A /* UIViewController+Helper.swift */,
			);
			path = Helper;
			sourceTree = "<group>";
		};
		F278CB9921643EBA00F1FE1A /* Employees */ = {
			isa = PBXGroup;
			children = (
				F278CB922163F42800F1FE1A /* EmployeesController.swift */,
				F278CB972163FA6B00F1FE1A /* CreateEmployeeController.swift */,
				F278CB9C2166E4AD00F1FE1A /* EmployeeType.swift */,
			);
			path = Employees;
			sourceTree = "<group>";
		};
/* End PBXGroup section */

/* Begin PBXNativeTarget section */
		F2738F8721599ED200BA61FD /* CoreDataProject */ = {
			isa = PBXNativeTarget;
			buildConfigurationList = F2738FB021599ED400BA61FD /* Build configuration list for PBXNativeTarget "CoreDataProject" */;
			buildPhases = (
				F2738F8421599ED200BA61FD /* Sources */,
				F2738F8521599ED200BA61FD /* Frameworks */,
				F2738F8621599ED200BA61FD /* Resources */,
			);
			buildRules = (
			);
			dependencies = (
			);
			name = CoreDataProject;
			productName = CoreData;
			productReference = F2738F8821599ED200BA61FD /* CoreDataProject.app */;
			productType = "com.apple.product-type.application";
		};
		F2738F9B21599ED400BA61FD /* CoreDataProjectTests */ = {
			isa = PBXNativeTarget;
			buildConfigurationList = F2738FB321599ED400BA61FD /* Build configuration list for PBXNativeTarget "CoreDataProjectTests" */;
			buildPhases = (
				F2738F9821599ED400BA61FD /* Sources */,
				F2738F9921599ED400BA61FD /* Frameworks */,
				F2738F9A21599ED400BA61FD /* Resources */,
			);
			buildRules = (
			);
			dependencies = (
				F2738F9E21599ED400BA61FD /* PBXTargetDependency */,
			);
			name = CoreDataProjectTests;
			productName = CoreDataTests;
			productReference = F2738F9C21599ED400BA61FD /* CoreDataProjectTests.xctest */;
			productType = "com.apple.product-type.bundle.unit-test";
		};
		F2738FA621599ED400BA61FD /* CoreDataProjectUITests */ = {
			isa = PBXNativeTarget;
			buildConfigurationList = F2738FB621599ED400BA61FD /* Build configuration list for PBXNativeTarget "CoreDataProjectUITests" */;
			buildPhases = (
				F2738FA321599ED400BA61FD /* Sources */,
				F2738FA421599ED400BA61FD /* Frameworks */,
				F2738FA521599ED400BA61FD /* Resources */,
			);
			buildRules = (
			);
			dependencies = (
				F2738FA921599ED400BA61FD /* PBXTargetDependency */,
			);
			name = CoreDataProjectUITests;
			productName = CoreDataUITests;
			productReference = F2738FA721599ED400BA61FD /* CoreDataProjectUITests.xctest */;
			productType = "com.apple.product-type.bundle.ui-testing";
		};
/* End PBXNativeTarget section */

/* Begin PBXProject section */
		F2738F8021599ED200BA61FD /* Project object */ = {
			isa = PBXProject;
			attributes = {
				LastSwiftUpdateCheck = 0940;
				LastUpgradeCheck = 0940;
				ORGANIZATIONNAME = GetHired;
				TargetAttributes = {
					F2738F8721599ED200BA61FD = {
						CreatedOnToolsVersion = 9.4.1;
					};
					F2738F9B21599ED400BA61FD = {
						CreatedOnToolsVersion = 9.4.1;
						TestTargetID = F2738F8721599ED200BA61FD;
					};
					F2738FA621599ED400BA61FD = {
						CreatedOnToolsVersion = 9.4.1;
						TestTargetID = F2738F8721599ED200BA61FD;
					};
				};
			};
			buildConfigurationList = F2738F8321599ED200BA61FD /* Build configuration list for PBXProject "CoreDataProject" */;
			compatibilityVersion = "Xcode 9.3";
			developmentRegion = en;
			hasScannedForEncodings = 0;
			knownRegions = (
				en,
				Base,
			);
			mainGroup = F2738F7F21599ED200BA61FD;
			productRefGroup = F2738F8921599ED200BA61FD /* Products */;
			projectDirPath = "";
			projectRoot = "";
			targets = (
				F2738F8721599ED200BA61FD /* CoreDataProject */,
				F2738F9B21599ED400BA61FD /* CoreDataProjectTests */,
				F2738FA621599ED400BA61FD /* CoreDataProjectUITests */,
			);
		};
/* End PBXProject section */

/* Begin PBXResourcesBuildPhase section */
		F2738F8621599ED200BA61FD /* Resources */ = {
			isa = PBXResourcesBuildPhase;
			buildActionMask = 2147483647;
			files = (
				F2738F9621599ED400BA61FD /* LaunchScreen.storyboard in Resources */,
				F2738F9321599ED400BA61FD /* Assets.xcassets in Resources */,
				F2738F9121599ED200BA61FD /* Main.storyboard in Resources */,
			);
			runOnlyForDeploymentPostprocessing = 0;
		};
		F2738F9A21599ED400BA61FD /* Resources */ = {
			isa = PBXResourcesBuildPhase;
			buildActionMask = 2147483647;
			files = (
			);
			runOnlyForDeploymentPostprocessing = 0;
		};
		F2738FA521599ED400BA61FD /* Resources */ = {
			isa = PBXResourcesBuildPhase;
			buildActionMask = 2147483647;
			files = (
			);
			runOnlyForDeploymentPostprocessing = 0;
		};
/* End PBXResourcesBuildPhase section */

/* Begin PBXSourcesBuildPhase section */
		F2738F8421599ED200BA61FD /* Sources */ = {
			isa = PBXSourcesBuildPhase;
			buildActionMask = 2147483647;
			files = (
				F2738FE4215D821600BA61FD /* CoreDataManag.swift in Sources */,
				F2738FEB215EF64800BA61FD /* CompaniesController+UITableView.swift in Sources */,
				F2738FBA2159AEBF00BA61FD /* UIColor+theme.swift in Sources */,
				F2738F8E21599ED200BA61FD /* CompaniesController.swift in Sources */,
				F278CB962163F8F700F1FE1A /* UIViewController+Helper.swift in Sources */,
				F2738FE6215EE30400BA61FD /* CompanyCell.swift in Sources */,
				F2738FBE2159B7BB00BA61FD /* CreateCompanyController.swift in Sources */,
				F278CB9D2166E4AD00F1FE1A /* EmployeeType.swift in Sources */,
				F278CB982163FA6B00F1FE1A /* CreateEmployeeController.swift in Sources */,
				F278CB932163F42800F1FE1A /* EmployeesController.swift in Sources */,
				F2738FE9215EF56400BA61FD /* CompaniesController+CreateCompany.swift in Sources */,
				F2738FE2215C28DB00BA61FD /* TrainingModel.xcdatamodeld in Sources */,
				F2738F8C21599ED200BA61FD /* AppDelegate.swift in Sources */,
				F2738FBC2159B37B00BA61FD /* Company.swift in Sources */,
			);
			runOnlyForDeploymentPostprocessing = 0;
		};
		F2738F9821599ED400BA61FD /* Sources */ = {
			isa = PBXSourcesBuildPhase;
			buildActionMask = 2147483647;
			files = (
				F2738FA121599ED400BA61FD /* CoreDataTests.swift in Sources */,
			);
			runOnlyForDeploymentPostprocessing = 0;
		};
		F2738FA321599ED400BA61FD /* Sources */ = {
			isa = PBXSourcesBuildPhase;
			buildActionMask = 2147483647;
			files = (
				F2738FAC21599ED400BA61FD /* CoreDataUITests.swift in Sources */,
			);
			runOnlyForDeploymentPostprocessing = 0;
		};
/* End PBXSourcesBuildPhase section */

/* Begin PBXTargetDependency section */
		F2738F9E21599ED400BA61FD /* PBXTargetDependency */ = {
			isa = PBXTargetDependency;
			target = F2738F8721599ED200BA61FD /* CoreDataProject */;
			targetProxy = F2738F9D21599ED400BA61FD /* PBXContainerItemProxy */;
		};
		F2738FA921599ED400BA61FD /* PBXTargetDependency */ = {
			isa = PBXTargetDependency;
			target = F2738F8721599ED200BA61FD /* CoreDataProject */;
			targetProxy = F2738FA821599ED400BA61FD /* PBXContainerItemProxy */;
		};
/* End PBXTargetDependency section */

/* Begin PBXVariantGroup section */
		F2738F8F21599ED200BA61FD /* Main.storyboard */ = {
			isa = PBXVariantGroup;
			children = (
				F2738F9021599ED200BA61FD /* Base */,
			);
			name = Main.storyboard;
			sourceTree = "<group>";
		};
		F2738F9421599ED400BA61FD /* LaunchScreen.storyboard */ = {
			isa = PBXVariantGroup;
			children = (
				F2738F9521599ED400BA61FD /* Base */,
			);
			name = LaunchScreen.storyboard;
			sourceTree = "<group>";
		};
/* End PBXVariantGroup section */

/* Begin XCBuildConfiguration section */
		F2738FAE21599ED400BA61FD /* Debug */ = {
			isa = XCBuildConfiguration;
			buildSettings = {
				ALWAYS_SEARCH_USER_PATHS = NO;
				CLANG_ANALYZER_NONNULL = YES;
				CLANG_ANALYZER_NUMBER_OBJECT_CONVERSION = YES_AGGRESSIVE;
				CLANG_CXX_LANGUAGE_STANDARD = "gnu++14";
				CLANG_CXX_LIBRARY = "libc++";
				CLANG_ENABLE_MODULES = YES;
				CLANG_ENABLE_OBJC_ARC = YES;
				CLANG_ENABLE_OBJC_WEAK = YES;
				CLANG_WARN_BLOCK_CAPTURE_AUTORELEASING = YES;
				CLANG_WARN_BOOL_CONVERSION = YES;
				CLANG_WARN_COMMA = YES;
				CLANG_WARN_CONSTANT_CONVERSION = YES;
				CLANG_WARN_DEPRECATED_OBJC_IMPLEMENTATIONS = YES;
				CLANG_WARN_DIRECT_OBJC_ISA_USAGE = YES_ERROR;
				CLANG_WARN_DOCUMENTATION_COMMENTS = YES;
				CLANG_WARN_EMPTY_BODY = YES;
				CLANG_WARN_ENUM_CONVERSION = YES;
				CLANG_WARN_INFINITE_RECURSION = YES;
				CLANG_WARN_INT_CONVERSION = YES;
				CLANG_WARN_NON_LITERAL_NULL_CONVERSION = YES;
				CLANG_WARN_OBJC_IMPLICIT_RETAIN_SELF = YES;
				CLANG_WARN_OBJC_LITERAL_CONVERSION = YES;
				CLANG_WARN_OBJC_ROOT_CLASS = YES_ERROR;
				CLANG_WARN_RANGE_LOOP_ANALYSIS = YES;
				CLANG_WARN_STRICT_PROTOTYPES = YES;
				CLANG_WARN_SUSPICIOUS_MOVE = YES;
				CLANG_WARN_UNGUARDED_AVAILABILITY = YES_AGGRESSIVE;
				CLANG_WARN_UNREACHABLE_CODE = YES;
				CLANG_WARN__DUPLICATE_METHOD_MATCH = YES;
				CODE_SIGN_IDENTITY = "iPhone Developer";
				COPY_PHASE_STRIP = NO;
				DEBUG_INFORMATION_FORMAT = dwarf;
				ENABLE_STRICT_OBJC_MSGSEND = YES;
				ENABLE_TESTABILITY = YES;
				GCC_C_LANGUAGE_STANDARD = gnu11;
				GCC_DYNAMIC_NO_PIC = NO;
				GCC_NO_COMMON_BLOCKS = YES;
				GCC_OPTIMIZATION_LEVEL = 0;
				GCC_PREPROCESSOR_DEFINITIONS = (
					"DEBUG=1",
					"$(inherited)",
				);
				GCC_WARN_64_TO_32_BIT_CONVERSION = YES;
				GCC_WARN_ABOUT_RETURN_TYPE = YES_ERROR;
				GCC_WARN_UNDECLARED_SELECTOR = YES;
				GCC_WARN_UNINITIALIZED_AUTOS = YES_AGGRESSIVE;
				GCC_WARN_UNUSED_FUNCTION = YES;
				GCC_WARN_UNUSED_VARIABLE = YES;
				IPHONEOS_DEPLOYMENT_TARGET = 11.4;
				MTL_ENABLE_DEBUG_INFO = YES;
				ONLY_ACTIVE_ARCH = YES;
				SDKROOT = iphoneos;
				SWIFT_ACTIVE_COMPILATION_CONDITIONS = DEBUG;
				SWIFT_OPTIMIZATION_LEVEL = "-Onone";
			};
			name = Debug;
		};
		F2738FAF21599ED400BA61FD /* Release */ = {
			isa = XCBuildConfiguration;
			buildSettings = {
				ALWAYS_SEARCH_USER_PATHS = NO;
				CLANG_ANALYZER_NONNULL = YES;
				CLANG_ANALYZER_NUMBER_OBJECT_CONVERSION = YES_AGGRESSIVE;
				CLANG_CXX_LANGUAGE_STANDARD = "gnu++14";
				CLANG_CXX_LIBRARY = "libc++";
				CLANG_ENABLE_MODULES = YES;
				CLANG_ENABLE_OBJC_ARC = YES;
				CLANG_ENABLE_OBJC_WEAK = YES;
				CLANG_WARN_BLOCK_CAPTURE_AUTORELEASING = YES;
				CLANG_WARN_BOOL_CONVERSION = YES;
				CLANG_WARN_COMMA = YES;
				CLANG_WARN_CONSTANT_CONVERSION = YES;
				CLANG_WARN_DEPRECATED_OBJC_IMPLEMENTATIONS = YES;
				CLANG_WARN_DIRECT_OBJC_ISA_USAGE = YES_ERROR;
				CLANG_WARN_DOCUMENTATION_COMMENTS = YES;
				CLANG_WARN_EMPTY_BODY = YES;
				CLANG_WARN_ENUM_CONVERSION = YES;
				CLANG_WARN_INFINITE_RECURSION = YES;
				CLANG_WARN_INT_CONVERSION = YES;
				CLANG_WARN_NON_LITERAL_NULL_CONVERSION = YES;
				CLANG_WARN_OBJC_IMPLICIT_RETAIN_SELF = YES;
				CLANG_WARN_OBJC_LITERAL_CONVERSION = YES;
				CLANG_WARN_OBJC_ROOT_CLASS = YES_ERROR;
				CLANG_WARN_RANGE_LOOP_ANALYSIS = YES;
				CLANG_WARN_STRICT_PROTOTYPES = YES;
				CLANG_WARN_SUSPICIOUS_MOVE = YES;
				CLANG_WARN_UNGUARDED_AVAILABILITY = YES_AGGRESSIVE;
				CLANG_WARN_UNREACHABLE_CODE = YES;
				CLANG_WARN__DUPLICATE_METHOD_MATCH = YES;
				CODE_SIGN_IDENTITY = "iPhone Developer";
				COPY_PHASE_STRIP = NO;
				DEBUG_INFORMATION_FORMAT = "dwarf-with-dsym";
				ENABLE_NS_ASSERTIONS = NO;
				ENABLE_STRICT_OBJC_MSGSEND = YES;
				GCC_C_LANGUAGE_STANDARD = gnu11;
				GCC_NO_COMMON_BLOCKS = YES;
				GCC_WARN_64_TO_32_BIT_CONVERSION = YES;
				GCC_WARN_ABOUT_RETURN_TYPE = YES_ERROR;
				GCC_WARN_UNDECLARED_SELECTOR = YES;
				GCC_WARN_UNINITIALIZED_AUTOS = YES_AGGRESSIVE;
				GCC_WARN_UNUSED_FUNCTION = YES;
				GCC_WARN_UNUSED_VARIABLE = YES;
				IPHONEOS_DEPLOYMENT_TARGET = 11.4;
				MTL_ENABLE_DEBUG_INFO = NO;
				SDKROOT = iphoneos;
				SWIFT_COMPILATION_MODE = wholemodule;
				SWIFT_OPTIMIZATION_LEVEL = "-O";
				VALIDATE_PRODUCT = YES;
			};
			name = Release;
		};
		F2738FB121599ED400BA61FD /* Debug */ = {
			isa = XCBuildConfiguration;
			buildSettings = {
				ASSETCATALOG_COMPILER_APPICON_NAME = AppIcon;
				CODE_SIGN_STYLE = Automatic;
				DEVELOPMENT_TEAM = 6NF44RWV9T;
				INFOPLIST_FILE = "$(SRCROOT)/CoreDataProject/Info.plist";
				LD_RUNPATH_SEARCH_PATHS = (
					"$(inherited)",
					"@executable_path/Frameworks",
				);
				PRODUCT_BUNDLE_IDENTIFIER = hs.CoreData;
				PRODUCT_NAME = "$(TARGET_NAME)";
				SWIFT_VERSION = 4.0;
				TARGETED_DEVICE_FAMILY = "1,2";
			};
			name = Debug;
		};
		F2738FB221599ED400BA61FD /* Release */ = {
			isa = XCBuildConfiguration;
			buildSettings = {
				ASSETCATALOG_COMPILER_APPICON_NAME = AppIcon;
				CODE_SIGN_STYLE = Automatic;
				DEVELOPMENT_TEAM = 6NF44RWV9T;
				INFOPLIST_FILE = "$(SRCROOT)/CoreDataProject/Info.plist";
				LD_RUNPATH_SEARCH_PATHS = (
					"$(inherited)",
					"@executable_path/Frameworks",
				);
				PRODUCT_BUNDLE_IDENTIFIER = hs.CoreData;
				PRODUCT_NAME = "$(TARGET_NAME)";
				SWIFT_VERSION = 4.0;
				TARGETED_DEVICE_FAMILY = "1,2";
			};
			name = Release;
		};
		F2738FB421599ED400BA61FD /* Debug */ = {
			isa = XCBuildConfiguration;
			buildSettings = {
				ALWAYS_EMBED_SWIFT_STANDARD_LIBRARIES = YES;
				BUNDLE_LOADER = "$(TEST_HOST)";
				CODE_SIGN_STYLE = Automatic;
				INFOPLIST_FILE = CoreDataTests/Info.plist;
				LD_RUNPATH_SEARCH_PATHS = (
					"$(inherited)",
					"@executable_path/Frameworks",
					"@loader_path/Frameworks",
				);
				PRODUCT_BUNDLE_IDENTIFIER = hs.CoreDataTests;
				PRODUCT_NAME = "$(TARGET_NAME)";
				SWIFT_VERSION = 4.0;
				TARGETED_DEVICE_FAMILY = "1,2";
				TEST_HOST = "$(BUILT_PRODUCTS_DIR)/CoreDataProject.app/CoreDataProject";
			};
			name = Debug;
		};
		F2738FB521599ED400BA61FD /* Release */ = {
			isa = XCBuildConfiguration;
			buildSettings = {
				ALWAYS_EMBED_SWIFT_STANDARD_LIBRARIES = YES;
				BUNDLE_LOADER = "$(TEST_HOST)";
				CODE_SIGN_STYLE = Automatic;
				INFOPLIST_FILE = CoreDataTests/Info.plist;
				LD_RUNPATH_SEARCH_PATHS = (
					"$(inherited)",
					"@executable_path/Frameworks",
					"@loader_path/Frameworks",
				);
				PRODUCT_BUNDLE_IDENTIFIER = hs.CoreDataTests;
				PRODUCT_NAME = "$(TARGET_NAME)";
				SWIFT_VERSION = 4.0;
				TARGETED_DEVICE_FAMILY = "1,2";
				TEST_HOST = "$(BUILT_PRODUCTS_DIR)/CoreDataProject.app/CoreDataProject";
			};
			name = Release;
		};
		F2738FB721599ED400BA61FD /* Debug */ = {
			isa = XCBuildConfiguration;
			buildSettings = {
				ALWAYS_EMBED_SWIFT_STANDARD_LIBRARIES = YES;
				CODE_SIGN_STYLE = Automatic;
				INFOPLIST_FILE = CoreDataUITests/Info.plist;
				LD_RUNPATH_SEARCH_PATHS = (
					"$(inherited)",
					"@executable_path/Frameworks",
					"@loader_path/Frameworks",
				);
				PRODUCT_BUNDLE_IDENTIFIER = hs.CoreDataUITests;
				PRODUCT_NAME = "$(TARGET_NAME)";
				SWIFT_VERSION = 4.0;
				TARGETED_DEVICE_FAMILY = "1,2";
				TEST_TARGET_NAME = CoreData;
			};
			name = Debug;
		};
		F2738FB821599ED400BA61FD /* Release */ = {
			isa = XCBuildConfiguration;
			buildSettings = {
				ALWAYS_EMBED_SWIFT_STANDARD_LIBRARIES = YES;
				CODE_SIGN_STYLE = Automatic;
				INFOPLIST_FILE = CoreDataUITests/Info.plist;
				LD_RUNPATH_SEARCH_PATHS = (
					"$(inherited)",
					"@executable_path/Frameworks",
					"@loader_path/Frameworks",
				);
				PRODUCT_BUNDLE_IDENTIFIER = hs.CoreDataUITests;
				PRODUCT_NAME = "$(TARGET_NAME)";
				SWIFT_VERSION = 4.0;
				TARGETED_DEVICE_FAMILY = "1,2";
				TEST_TARGET_NAME = CoreData;
			};
			name = Release;
		};
/* End XCBuildConfiguration section */

/* Begin XCConfigurationList section */
		F2738F8321599ED200BA61FD /* Build configuration list for PBXProject "CoreDataProject" */ = {
			isa = XCConfigurationList;
			buildConfigurations = (
				F2738FAE21599ED400BA61FD /* Debug */,
				F2738FAF21599ED400BA61FD /* Release */,
			);
			defaultConfigurationIsVisible = 0;
			defaultConfigurationName = Release;
		};
		F2738FB021599ED400BA61FD /* Build configuration list for PBXNativeTarget "CoreDataProject" */ = {
			isa = XCConfigurationList;
			buildConfigurations = (
				F2738FB121599ED400BA61FD /* Debug */,
				F2738FB221599ED400BA61FD /* Release */,
			);
			defaultConfigurationIsVisible = 0;
			defaultConfigurationName = Release;
		};
		F2738FB321599ED400BA61FD /* Build configuration list for PBXNativeTarget "CoreDataProjectTests" */ = {
			isa = XCConfigurationList;
			buildConfigurations = (
				F2738FB421599ED400BA61FD /* Debug */,
				F2738FB521599ED400BA61FD /* Release */,
			);
			defaultConfigurationIsVisible = 0;
			defaultConfigurationName = Release;
		};
		F2738FB621599ED400BA61FD /* Build configuration list for PBXNativeTarget "CoreDataProjectUITests" */ = {
			isa = XCConfigurationList;
			buildConfigurations = (
				F2738FB721599ED400BA61FD /* Debug */,
				F2738FB821599ED400BA61FD /* Release */,
			);
			defaultConfigurationIsVisible = 0;
			defaultConfigurationName = Release;
		};
/* End XCConfigurationList section */

/* Begin XCVersionGroup section */
		F2738FE0215C28DB00BA61FD /* TrainingModel.xcdatamodeld */ = {
			isa = XCVersionGroup;
			children = (
				F2738FE1215C28DB00BA61FD /* TrainingModel.xcdatamodel */,
			);
			currentVersion = F2738FE1215C28DB00BA61FD /* TrainingModel.xcdatamodel */;
			path = TrainingModel.xcdatamodeld;
			sourceTree = "<group>";
			versionGroupType = wrapper.xcdatamodel;
		};
/* End XCVersionGroup section */
	};
	rootObject = F2738F8021599ED200BA61FD /* Project object */;
}
